
Microsoft Visual Studio Solution File, Format Version 12.00
# Visual Studio Version 16
VisualStudioVersion = 16.0.30204.135
MinimumVisualStudioVersion = 10.0.40219.1
Project("{9A19103F-16F7-4668-BE54-9A1E7A4F7556}") = "Desafio.Api", "src\Desafio.Api\Desafio.Api.csproj", "{DE219407-16B5-4505-B568-ED3C9FF585EF}"
EndProject
Project("{FAE04EC0-301F-11D3-BF4B-00C04F79EFBC}") = "Desafio.CleanApi", "src\Desafio.CleanApi\Desafio.CleanApi.csproj", "{1A0869BA-32F7-45A1-8084-E641E39CF332}"
EndProject
Global
	GlobalSection(SolutionConfigurationPlatforms) = preSolution
		Debug|Any CPU = Debug|Any CPU
		Release|Any CPU = Release|Any CPU
	EndGlobalSection
	GlobalSection(ProjectConfigurationPlatforms) = postSolution
		{DE219407-16B5-4505-B568-ED3C9FF585EF}.Debug|Any CPU.ActiveCfg = Debug|Any CPU
		{DE219407-16B5-4505-B568-ED3C9FF585EF}.Debug|Any CPU.Build.0 = Debug|Any CPU
		{DE219407-16B5-4505-B568-ED3C9FF585EF}.Release|Any CPU.ActiveCfg = Release|Any CPU
		{DE219407-16B5-4505-B568-ED3C9FF585EF}.Release|Any CPU.Build.0 = Release|Any CPU
		{1A0869BA-32F7-45A1-8084-E641E39CF332}.Debug|Any CPU.ActiveCfg = Debug|Any CPU
		{1A0869BA-32F7-45A1-8084-E641E39CF332}.Debug|Any CPU.Build.0 = Debug|Any CPU
		{1A0869BA-32F7-45A1-8084-E641E39CF332}.Release|Any CPU.ActiveCfg = Release|Any CPU
		{1A0869BA-32F7-45A1-8084-E641E39CF332}.Release|Any CPU.Build.0 = Release|Any CPU
	EndGlobalSection
	GlobalSection(SolutionProperties) = preSolution
		HideSolutionNode = FALSE
	EndGlobalSection
	GlobalSection(ExtensibilityGlobals) = postSolution
		SolutionGuid = {2F02F0C3-4B4C-4445-9FDE-5F3DF83EE988}
	EndGlobalSection
EndGlobal
